{
  "name": "nami_website",
  "requires": true,
  "lockfileVersion": 1,
  "dependencies": {
    "tether": {
      "version": "1.4.7",
      "resolved": "https://registry.npmjs.org/tether/-/tether-1.4.7.tgz",
      "integrity": "sha512-Z0J1aExjoFU8pybVkQAo/vD2wfSO63r+XOPfWQMC5qtf1bI7IWqNk4MiyBcgvvnY8kqnY06dVdvwTK2S3PU/Fw=="
    }
  }
}
