# THIS IS AN AUTOGENERATED FILE. DO NOT EDIT THIS FILE DIRECTLY.
# yarn lockfile v1


tether@^1.4.7:
  version "1.4.7"
  resolved "https://registry.yarnpkg.com/tether/-/tether-1.4.7.tgz#d56a818590d8fe72e387f77a67f93ab96d8e1fb2"
  integrity sha512-Z0J1aExjoFU8pybVkQAo/vD2wfSO63r+XOPfWQMC5qtf1bI7IWqNk4MiyBcgvvnY8kqnY06dVdvwTK2S3PU/Fw==
